
Microsoft Visual Studio Solution File, Format Version 12.00
# Visual Studio Version 16
VisualStudioVersion = 16.0.29613.14
MinimumVisualStudioVersion = 10.0.40219.1
Project("{9A19103F-16F7-4668-BE54-9A1E7A4F7556}") = "HashTraining", "HashTraining.csproj", "{3CCE2DC6-B1B0-4C68-BD34-9A8D55642FDB}"
EndProject
Project("{FAE04EC0-301F-11D3-BF4B-00C04F79EFBC}") = "HashCode.Genetic", "..\HashCode.Genetic\HashCode.Genetic.csproj", "{67B0F5D0-03C1-44B0-9F68-12FA53BB88F8}"
EndProject
Global
	GlobalSection(SolutionConfigurationPlatforms) = preSolution
		Debug|Any CPU = Debug|Any CPU
		Release|Any CPU = Release|Any CPU
	EndGlobalSection
	GlobalSection(ProjectConfigurationPlatforms) = postSolution
		{3CCE2DC6-B1B0-4C68-BD34-9A8D55642FDB}.Debug|Any CPU.ActiveCfg = Debug|Any CPU
		{3CCE2DC6-B1B0-4C68-BD34-9A8D55642FDB}.Debug|Any CPU.Build.0 = Debug|Any CPU
		{3CCE2DC6-B1B0-4C68-BD34-9A8D55642FDB}.Release|Any CPU.ActiveCfg = Release|Any CPU
		{3CCE2DC6-B1B0-4C68-BD34-9A8D55642FDB}.Release|Any CPU.Build.0 = Release|Any CPU
		{67B0F5D0-03C1-44B0-9F68-12FA53BB88F8}.Debug|Any CPU.ActiveCfg = Debug|Any CPU
		{67B0F5D0-03C1-44B0-9F68-12FA53BB88F8}.Debug|Any CPU.Build.0 = Debug|Any CPU
		{67B0F5D0-03C1-44B0-9F68-12FA53BB88F8}.Release|Any CPU.ActiveCfg = Release|Any CPU
		{67B0F5D0-03C1-44B0-9F68-12FA53BB88F8}.Release|Any CPU.Build.0 = Release|Any CPU
	EndGlobalSection
	GlobalSection(SolutionProperties) = preSolution
		HideSolutionNode = FALSE
	EndGlobalSection
	GlobalSection(ExtensibilityGlobals) = postSolution
		SolutionGuid = {F7725437-BB5F-4E54-A871-BC80469FD9D3}
	EndGlobalSection
EndGlobal
